
Microsoft Visual Studio Solution File, Format Version 12.00
# Visual Studio Version 17
VisualStudioVersion = 17.13.35825.156 d17.13
MinimumVisualStudioVersion = 10.0.40219.1
Project("{FAE04EC0-301F-11D3-BF4B-00C04F79EFBC}") = "JETC20250320", "JETC20250320\JETC20250320.csproj", "{AB10FFE7-257C-47B3-B0BB-6C21ABFBE073}"
EndProject
Global
	GlobalSection(SolutionConfigurationPlatforms) = preSolution
		Debug|Any CPU = Debug|Any CPU
		Release|Any CPU = Release|Any CPU
	EndGlobalSection
	GlobalSection(ProjectConfigurationPlatforms) = postSolution
		{AB10FFE7-257C-47B3-B0BB-6C21ABFBE073}.Debug|Any CPU.ActiveCfg = Debug|Any CPU
		{AB10FFE7-257C-47B3-B0BB-6C21ABFBE073}.Debug|Any CPU.Build.0 = Debug|Any CPU
		{AB10FFE7-257C-47B3-B0BB-6C21ABFBE073}.Release|Any CPU.ActiveCfg = Release|Any CPU
		{AB10FFE7-257C-47B3-B0BB-6C21ABFBE073}.Release|Any CPU.Build.0 = Release|Any CPU
	EndGlobalSection
	GlobalSection(SolutionProperties) = preSolution
		HideSolutionNode = FALSE
	EndGlobalSection
	GlobalSection(ExtensibilityGlobals) = postSolution
		SolutionGuid = {41B991F1-43C9-4D5B-BA93-321B5AE03B55}
	EndGlobalSection
EndGlobal
